// !$*UTF8*$!
{
	archiveVersion = 1;
	classes = {
	};
	objectVersion = 46;
	objects = {

/* Begin PBXBuildFile section */
		3BA980A31B33F9E400314942 /* main.m in Sources */ = {isa = PBXBuildFile; fileRef = 3BA980A21B33F9E400314942 /* main.m */; };
		3BA980A61B33F9E400314942 /* AppDelegate.m in Sources */ = {isa = PBXBuildFile; fileRef = 3BA980A51B33F9E400314942 /* AppDelegate.m */; };
		3BA980A91B33F9E400314942 /* Custom_Transition.xcdatamodeld in Sources */ = {isa = PBXBuildFile; fileRef = 3BA980A71B33F9E400314942 /* Custom_Transition.xcdatamodeld */; };
		3BA980AC1B33F9E400314942 /* ViewController.m in Sources */ = {isa = PBXBuildFile; fileRef = 3BA980AB1B33F9E400314942 /* ViewController.m */; };
		3BA980AF1B33F9E400314942 /* Main.storyboard in Resources */ = {isa = PBXBuildFile; fileRef = 3BA980AD1B33F9E400314942 /* Main.storyboard */; };
		3BA980B11B33F9E400314942 /* Images.xcassets in Resources */ = {isa = PBXBuildFile; fileRef = 3BA980B01B33F9E400314942 /* Images.xcassets */; };
		3BA980B41B33F9E400314942 /* LaunchScreen.xib in Resources */ = {isa = PBXBuildFile; fileRef = 3BA980B21B33F9E400314942 /* LaunchScreen.xib */; };
		3BA980C01B33F9E400314942 /* Custom_TransitionTests.m in Sources */ = {isa = PBXBuildFile; fileRef = 3BA980BF1B33F9E400314942 /* Custom_TransitionTests.m */; };
		3BA980CB1B33FB5400314942 /* ModalViewController.m in Sources */ = {isa = PBXBuildFile; fileRef = 3BA980CA1B33FB5400314942 /* ModalViewController.m */; };
		3BA980CE1B33FBE600314942 /* PresentModalVC.m in Sources */ = {isa = PBXBuildFile; fileRef = 3BA980CD1B33FBE600314942 /* PresentModalVC.m */; };
		3BA980D21B33FC0500314942 /* DismissModalVC.m in Sources */ = {isa = PBXBuildFile; fileRef = 3BA980D11B33FC0500314942 /* DismissModalVC.m */; };
		C4FEF9033288785996AEA634 /* libPods.a in Frameworks */ = {isa = PBXBuildFile; fileRef = C6B47700EA201F902BE01FBA /* libPods.a */; };
/* End PBXBuildFile section */

/* Begin PBXContainerItemProxy section */
		3BA980BA1B33F9E400314942 /* PBXContainerItemProxy */ = {
			isa = PBXContainerItemProxy;
			containerPortal = 3BA980951B33F9E400314942 /* Project object */;
			proxyType = 1;
			remoteGlobalIDString = 3BA9809C1B33F9E400314942;
			remoteInfo = "Custom Transition";
		};
/* End PBXContainerItemProxy section */

/* Begin PBXFileReference section */
		2D0BC262E7A05EBA8B66484F /* Pods.debug.xcconfig */ = {isa = PBXFileReference; includeInIndex = 1; lastKnownFileType = text.xcconfig; name = Pods.debug.xcconfig; path = "Pods/Target Support Files/Pods/Pods.debug.xcconfig"; sourceTree = "<group>"; };
		3BA9809D1B33F9E400314942 /* Custom Transition.app */ = {isa = PBXFileReference; explicitFileType = wrapper.application; includeInIndex = 0; path = "Custom Transition.app"; sourceTree = BUILT_PRODUCTS_DIR; };
		3BA980A11B33F9E400314942 /* Info.plist */ = {isa = PBXFileReference; lastKnownFileType = text.plist.xml; path = Info.plist; sourceTree = "<group>"; };
		3BA980A21B33F9E400314942 /* main.m */ = {isa = PBXFileReference; lastKnownFileType = sourcecode.c.objc; path = main.m; sourceTree = "<group>"; };
		3BA980A41B33F9E400314942 /* AppDelegate.h */ = {isa = PBXFileReference; lastKnownFileType = sourcecode.c.h; path = AppDelegate.h; sourceTree = "<group>"; };
		3BA980A51B33F9E400314942 /* AppDelegate.m */ = {isa = PBXFileReference; lastKnownFileType = sourcecode.c.objc; path = AppDelegate.m; sourceTree = "<group>"; };
		3BA980A81B33F9E400314942 /* Custom_Transition.xcdatamodel */ = {isa = PBXFileReference; lastKnownFileType = wrapper.xcdatamodel; path = Custom_Transition.xcdatamodel; sourceTree = "<group>"; };
		3BA980AA1B33F9E400314942 /* ViewController.h */ = {isa = PBXFileReference; lastKnownFileType = sourcecode.c.h; path = ViewController.h; sourceTree = "<group>"; };
		3BA980AB1B33F9E400314942 /* ViewController.m */ = {isa = PBXFileReference; lastKnownFileType = sourcecode.c.objc; path = ViewController.m; sourceTree = "<group>"; };
		3BA980AE1B33F9E400314942 /* Base */ = {isa = PBXFileReference; lastKnownFileType = file.storyboard; name = Base; path = Base.lproj/Main.storyboard; sourceTree = "<group>"; };
		3BA980B01B33F9E400314942 /* Images.xcassets */ = {isa = PBXFileReference; lastKnownFileType = folder.assetcatalog; path = Images.xcassets; sourceTree = "<group>"; };
		3BA980B31B33F9E400314942 /* Base */ = {isa = PBXFileReference; lastKnownFileType = file.xib; name = Base; path = Base.lproj/LaunchScreen.xib; sourceTree = "<group>"; };
		3BA980B91B33F9E400314942 /* Custom TransitionTests.xctest */ = {isa = PBXFileReference; explicitFileType = wrapper.cfbundle; includeInIndex = 0; path = "Custom TransitionTests.xctest"; sourceTree = BUILT_PRODUCTS_DIR; };
		3BA980BE1B33F9E400314942 /* Info.plist */ = {isa = PBXFileReference; lastKnownFileType = text.plist.xml; path = Info.plist; sourceTree = "<group>"; };
		3BA980BF1B33F9E400314942 /* Custom_TransitionTests.m */ = {isa = PBXFileReference; lastKnownFileType = sourcecode.c.objc; path = Custom_TransitionTests.m; sourceTree = "<group>"; };
		3BA980C91B33FB5400314942 /* ModalViewController.h */ = {isa = PBXFileReference; fileEncoding = 4; lastKnownFileType = sourcecode.c.h; path = ModalViewController.h; sourceTree = "<group>"; };
		3BA980CA1B33FB5400314942 /* ModalViewController.m */ = {isa = PBXFileReference; fileEncoding = 4; lastKnownFileType = sourcecode.c.objc; path = ModalViewController.m; sourceTree = "<group>"; };
		3BA980CC1B33FBE600314942 /* PresentModalVC.h */ = {isa = PBXFileReference; fileEncoding = 4; lastKnownFileType = sourcecode.c.h; path = PresentModalVC.h; sourceTree = "<group>"; };
		3BA980CD1B33FBE600314942 /* PresentModalVC.m */ = {isa = PBXFileReference; fileEncoding = 4; lastKnownFileType = sourcecode.c.objc; path = PresentModalVC.m; sourceTree = "<group>"; };
		3BA980D01B33FC0500314942 /* DismissModalVC.h */ = {isa = PBXFileReference; fileEncoding = 4; lastKnownFileType = sourcecode.c.h; path = DismissModalVC.h; sourceTree = "<group>"; };
		3BA980D11B33FC0500314942 /* DismissModalVC.m */ = {isa = PBXFileReference; fileEncoding = 4; lastKnownFileType = sourcecode.c.objc; path = DismissModalVC.m; sourceTree = "<group>"; };
		86E0BC7D1188DDC8BC3FC21D /* Pods.release.xcconfig */ = {isa = PBXFileReference; includeInIndex = 1; lastKnownFileType = text.xcconfig; name = Pods.release.xcconfig; path = "Pods/Target Support Files/Pods/Pods.release.xcconfig"; sourceTree = "<group>"; };
		C6B47700EA201F902BE01FBA /* libPods.a */ = {isa = PBXFileReference; explicitFileType = archive.ar; includeInIndex = 0; path = libPods.a; sourceTree = BUILT_PRODUCTS_DIR; };
/* End PBXFileReference section */

/* Begin PBXFrameworksBuildPhase section */
		3BA9809A1B33F9E400314942 /* Frameworks */ = {
			isa = PBXFrameworksBuildPhase;
			buildActionMask = 2147483647;
			files = (
				C4FEF9033288785996AEA634 /* libPods.a in Frameworks */,
			);
			runOnlyForDeploymentPostprocessing = 0;
		};
		3BA980B61B33F9E400314942 /* Frameworks */ = {
			isa = PBXFrameworksBuildPhase;
			buildActionMask = 2147483647;
			files = (
			);
			runOnlyForDeploymentPostprocessing = 0;
		};
/* End PBXFrameworksBuildPhase section */

/* Begin PBXGroup section */
		302BE45032C5B260B727943F /* Frameworks */ = {
			isa = PBXGroup;
			children = (
				C6B47700EA201F902BE01FBA /* libPods.a */,
			);
			name = Frameworks;
			sourceTree = "<group>";
		};
		3BA980941B33F9E400314942 = {
			isa = PBXGroup;
			children = (
				3BA9809F1B33F9E400314942 /* Custom Transition */,
				3BA980BC1B33F9E400314942 /* Custom TransitionTests */,
				3BA9809E1B33F9E400314942 /* Products */,
				B6FFFCDAB84C50061BC1944D /* Pods */,
				302BE45032C5B260B727943F /* Frameworks */,
			);
			sourceTree = "<group>";
		};
		3BA9809E1B33F9E400314942 /* Products */ = {
			isa = PBXGroup;
			children = (
				3BA9809D1B33F9E400314942 /* Custom Transition.app */,
				3BA980B91B33F9E400314942 /* Custom TransitionTests.xctest */,
			);
			name = Products;
			sourceTree = "<group>";
		};
		3BA9809F1B33F9E400314942 /* Custom Transition */ = {
			isa = PBXGroup;
			children = (
				3BA980A41B33F9E400314942 /* AppDelegate.h */,
				3BA980A51B33F9E400314942 /* AppDelegate.m */,
				3BA980CF1B33FBEE00314942 /* Animation */,
				3BA980C91B33FB5400314942 /* ModalViewController.h */,
				3BA980CA1B33FB5400314942 /* ModalViewController.m */,
				3BA980AA1B33F9E400314942 /* ViewController.h */,
				3BA980AB1B33F9E400314942 /* ViewController.m */,
				3BA980AD1B33F9E400314942 /* Main.storyboard */,
				3BA980B01B33F9E400314942 /* Images.xcassets */,
				3BA980B21B33F9E400314942 /* LaunchScreen.xib */,
				3BA980A71B33F9E400314942 /* Custom_Transition.xcdatamodeld */,
				3BA980A01B33F9E400314942 /* Supporting Files */,
			);
			path = "Custom Transition";
			sourceTree = "<group>";
		};
		3BA980A01B33F9E400314942 /* Supporting Files */ = {
			isa = PBXGroup;
			children = (
				3BA980A11B33F9E400314942 /* Info.plist */,
				3BA980A21B33F9E400314942 /* main.m */,
			);
			name = "Supporting Files";
			sourceTree = "<group>";
		};
		3BA980BC1B33F9E400314942 /* Custom TransitionTests */ = {
			isa = PBXGroup;
			children = (
				3BA980BF1B33F9E400314942 /* Custom_TransitionTests.m */,
				3BA980BD1B33F9E400314942 /* Supporting Files */,
			);
			path = "Custom TransitionTests";
			sourceTree = "<group>";
		};
		3BA980BD1B33F9E400314942 /* Supporting Files */ = {
			isa = PBXGroup;
			children = (
				3BA980BE1B33F9E400314942 /* Info.plist */,
			);
			name = "Supporting Files";
			sourceTree = "<group>";
		};
		3BA980CF1B33FBEE00314942 /* Animation */ = {
			isa = PBXGroup;
			children = (
				3BA980CC1B33FBE600314942 /* PresentModalVC.h */,
				3BA980CD1B33FBE600314942 /* PresentModalVC.m */,
				3BA980D01B33FC0500314942 /* DismissModalVC.h */,
				3BA980D11B33FC0500314942 /* DismissModalVC.m */,
			);
			name = Animation;
			sourceTree = "<group>";
		};
		B6FFFCDAB84C50061BC1944D /* Pods */ = {
			isa = PBXGroup;
			children = (
				2D0BC262E7A05EBA8B66484F /* Pods.debug.xcconfig */,
				86E0BC7D1188DDC8BC3FC21D /* Pods.release.xcconfig */,
			);
			name = Pods;
			sourceTree = "<group>";
		};
/* End PBXGroup section */

/* Begin PBXNativeTarget section */
		3BA9809C1B33F9E400314942 /* Custom Transition */ = {
			isa = PBXNativeTarget;
			buildConfigurationList = 3BA980C31B33F9E400314942 /* Build configuration list for PBXNativeTarget "Custom Transition" */;
			buildPhases = (
				BB2D6F7B5152CAF2D350C7B6 /* Check Pods Manifest.lock */,
				3BA980991B33F9E400314942 /* Sources */,
				3BA9809A1B33F9E400314942 /* Frameworks */,
				3BA9809B1B33F9E400314942 /* Resources */,
				9541C10E2726F73CFF80C53E /* Copy Pods Resources */,
			);
			buildRules = (
			);
			dependencies = (
			);
			name = "Custom Transition";
			productName = "Custom Transition";
			productReference = 3BA9809D1B33F9E400314942 /* Custom Transition.app */;
			productType = "com.apple.product-type.application";
		};
		3BA980B81B33F9E400314942 /* Custom TransitionTests */ = {
			isa = PBXNativeTarget;
			buildConfigurationList = 3BA980C61B33F9E400314942 /* Build configuration list for PBXNativeTarget "Custom TransitionTests" */;
			buildPhases = (
				3BA980B51B33F9E400314942 /* Sources */,
				3BA980B61B33F9E400314942 /* Frameworks */,
				3BA980B71B33F9E400314942 /* Resources */,
			);
			buildRules = (
			);
			dependencies = (
				3BA980BB1B33F9E400314942 /* PBXTargetDependency */,
			);
			name = "Custom TransitionTests";
			productName = "Custom TransitionTests";
			productReference = 3BA980B91B33F9E400314942 /* Custom TransitionTests.xctest */;
			productType = "com.apple.product-type.bundle.unit-test";
		};
/* End PBXNativeTarget section */

/* Begin PBXProject section */
		3BA980951B33F9E400314942 /* Project object */ = {
			isa = PBXProject;
			attributes = {
				LastUpgradeCheck = 0630;
				ORGANIZATIONNAME = "Jay Ang";
				TargetAttributes = {
					3BA9809C1B33F9E400314942 = {
						CreatedOnToolsVersion = 6.3.1;
					};
					3BA980B81B33F9E400314942 = {
						CreatedOnToolsVersion = 6.3.1;
						TestTargetID = 3BA9809C1B33F9E400314942;
					};
				};
			};
			buildConfigurationList = 3BA980981B33F9E400314942 /* Build configuration list for PBXProject "Custom Transition" */;
			compatibilityVersion = "Xcode 3.2";
			developmentRegion = English;
			hasScannedForEncodings = 0;
			knownRegions = (
				en,
				Base,
			);
			mainGroup = 3BA980941B33F9E400314942;
			productRefGroup = 3BA9809E1B33F9E400314942 /* Products */;
			projectDirPath = "";
			projectRoot = "";
			targets = (
				3BA9809C1B33F9E400314942 /* Custom Transition */,
				3BA980B81B33F9E400314942 /* Custom TransitionTests */,
			);
		};
/* End PBXProject section */

/* Begin PBXResourcesBuildPhase section */
		3BA9809B1B33F9E400314942 /* Resources */ = {
			isa = PBXResourcesBuildPhase;
			buildActionMask = 2147483647;
			files = (
				3BA980AF1B33F9E400314942 /* Main.storyboard in Resources */,
				3BA980B41B33F9E400314942 /* LaunchScreen.xib in Resources */,
				3BA980B11B33F9E400314942 /* Images.xcassets in Resources */,
			);
			runOnlyForDeploymentPostprocessing = 0;
		};
		3BA980B71B33F9E400314942 /* Resources */ = {
			isa = PBXResourcesBuildPhase;
			buildActionMask = 2147483647;
			files = (
			);
			runOnlyForDeploymentPostprocessing = 0;
		};
/* End PBXResourcesBuildPhase section */

/* Begin PBXShellScriptBuildPhase section */
		9541C10E2726F73CFF80C53E /* Copy Pods Resources */ = {
			isa = PBXShellScriptBuildPhase;
			buildActionMask = 2147483647;
			files = (
			);
			inputPaths = (
			);
			name = "Copy Pods Resources";
			outputPaths = (
			);
			runOnlyForDeploymentPostprocessing = 0;
			shellPath = /bin/sh;
			shellScript = "\"${SRCROOT}/Pods/Target Support Files/Pods/Pods-resources.sh\"\n";
			showEnvVarsInLog = 0;
		};
		BB2D6F7B5152CAF2D350C7B6 /* Check Pods Manifest.lock */ = {
			isa = PBXShellScriptBuildPhase;
			buildActionMask = 2147483647;
			files = (
			);
			inputPaths = (
			);
			name = "Check Pods Manifest.lock";
			outputPaths = (
			);
			runOnlyForDeploymentPostprocessing = 0;
			shellPath = /bin/sh;
			shellScript = "diff \"${PODS_ROOT}/../Podfile.lock\" \"${PODS_ROOT}/Manifest.lock\" > /dev/null\nif [[ $? != 0 ]] ; then\n    cat << EOM\nerror: The sandbox is not in sync with the Podfile.lock. Run 'pod install' or update your CocoaPods installation.\nEOM\n    exit 1\nfi\n";
			showEnvVarsInLog = 0;
		};
/* End PBXShellScriptBuildPhase section */

/* Begin PBXSourcesBuildPhase section */
		3BA980991B33F9E400314942 /* Sources */ = {
			isa = PBXSourcesBuildPhase;
			buildActionMask = 2147483647;
			files = (
				3BA980A61B33F9E400314942 /* AppDelegate.m in Sources */,
				3BA980A91B33F9E400314942 /* Custom_Transition.xcdatamodeld in Sources */,
				3BA980D21B33FC0500314942 /* DismissModalVC.m in Sources */,
				3BA980CE1B33FBE600314942 /* PresentModalVC.m in Sources */,
				3BA980CB1B33FB5400314942 /* ModalViewController.m in Sources */,
				3BA980AC1B33F9E400314942 /* ViewController.m in Sources */,
				3BA980A31B33F9E400314942 /* main.m in Sources */,
			);
			runOnlyForDeploymentPostprocessing = 0;
		};
		3BA980B51B33F9E400314942 /* Sources */ = {
			isa = PBXSourcesBuildPhase;
			buildActionMask = 2147483647;
			files = (
				3BA980C01B33F9E400314942 /* Custom_TransitionTests.m in Sources */,
			);
			runOnlyForDeploymentPostprocessing = 0;
		};
/* End PBXSourcesBuildPhase section */

/* Begin PBXTargetDependency section */
		3BA980BB1B33F9E400314942 /* PBXTargetDependency */ = {
			isa = PBXTargetDependency;
			target = 3BA9809C1B33F9E400314942 /* Custom Transition */;
			targetProxy = 3BA980BA1B33F9E400314942 /* PBXContainerItemProxy */;
		};
/* End PBXTargetDependency section */

/* Begin PBXVariantGroup section */
		3BA980AD1B33F9E400314942 /* Main.storyboard */ = {
			isa = PBXVariantGroup;
			children = (
				3BA980AE1B33F9E400314942 /* Base */,
			);
			name = Main.storyboard;
			sourceTree = "<group>";
		};
		3BA980B21B33F9E400314942 /* LaunchScreen.xib */ = {
			isa = PBXVariantGroup;
			children = (
				3BA980B31B33F9E400314942 /* Base */,
			);
			name = LaunchScreen.xib;
			sourceTree = "<group>";
		};
/* End PBXVariantGroup section */

/* Begin XCBuildConfiguration section */
		3BA980C11B33F9E400314942 /* Debug */ = {
			isa = XCBuildConfiguration;
			buildSettings = {
				ALWAYS_SEARCH_USER_PATHS = NO;
				CLANG_CXX_LANGUAGE_STANDARD = "gnu++0x";
				CLANG_CXX_LIBRARY = "libc++";
				CLANG_ENABLE_MODULES = YES;
				CLANG_ENABLE_OBJC_ARC = YES;
				CLANG_WARN_BOOL_CONVERSION = YES;
				CLANG_WARN_CONSTANT_CONVERSION = YES;
				CLANG_WARN_DIRECT_OBJC_ISA_USAGE = YES_ERROR;
				CLANG_WARN_EMPTY_BODY = YES;
				CLANG_WARN_ENUM_CONVERSION = YES;
				CLANG_WARN_INT_CONVERSION = YES;
				CLANG_WARN_OBJC_ROOT_CLASS = YES_ERROR;
				CLANG_WARN_UNREACHABLE_CODE = YES;
				CLANG_WARN__DUPLICATE_METHOD_MATCH = YES;
				"CODE_SIGN_IDENTITY[sdk=iphoneos*]" = "iPhone Developer";
				COPY_PHASE_STRIP = NO;
				DEBUG_INFORMATION_FORMAT = "dwarf-with-dsym";
				ENABLE_STRICT_OBJC_MSGSEND = YES;
				GCC_C_LANGUAGE_STANDARD = gnu99;
				GCC_DYNAMIC_NO_PIC = NO;
				GCC_NO_COMMON_BLOCKS = YES;
				GCC_OPTIMIZATION_LEVEL = 0;
				GCC_PREPROCESSOR_DEFINITIONS = (
					"DEBUG=1",
					"$(inherited)",
				);
				GCC_SYMBOLS_PRIVATE_EXTERN = NO;
				GCC_WARN_64_TO_32_BIT_CONVERSION = YES;
				GCC_WARN_ABOUT_RETURN_TYPE = YES_ERROR;
				GCC_WARN_UNDECLARED_SELECTOR = YES;
				GCC_WARN_UNINITIALIZED_AUTOS = YES_AGGRESSIVE;
				GCC_WARN_UNUSED_FUNCTION = YES;
				GCC_WARN_UNUSED_VARIABLE = YES;
				IPHONEOS_DEPLOYMENT_TARGET = 8.3;
				MTL_ENABLE_DEBUG_INFO = YES;
				ONLY_ACTIVE_ARCH = YES;
				SDKROOT = iphoneos;
			};
			name = Debug;
		};
		3BA980C21B33F9E400314942 /* Release */ = {
			isa = XCBuildConfiguration;
			buildSettings = {
				ALWAYS_SEARCH_USER_PATHS = NO;
				CLANG_CXX_LANGUAGE_STANDARD = "gnu++0x";
				CLANG_CXX_LIBRARY = "libc++";
				CLANG_ENABLE_MODULES = YES;
				CLANG_ENABLE_OBJC_ARC = YES;
				CLANG_WARN_BOOL_CONVERSION = YES;
				CLANG_WARN_CONSTANT_CONVERSION = YES;
				CLANG_WARN_DIRECT_OBJC_ISA_USAGE = YES_ERROR;
				CLANG_WARN_EMPTY_BODY = YES;
				CLANG_WARN_ENUM_CONVERSION = YES;
				CLANG_WARN_INT_CONVERSION = YES;
				CLANG_WARN_OBJC_ROOT_CLASS = YES_ERROR;
				CLANG_WARN_UNREACHABLE_CODE = YES;
				CLANG_WARN__DUPLICATE_METHOD_MATCH = YES;
				"CODE_SIGN_IDENTITY[sdk=iphoneos*]" = "iPhone Developer";
				COPY_PHASE_STRIP = NO;
				DEBUG_INFORMATION_FORMAT = "dwarf-with-dsym";
				ENABLE_NS_ASSERTIONS = NO;
				ENABLE_STRICT_OBJC_MSGSEND = YES;
				GCC_C_LANGUAGE_STANDARD = gnu99;
				GCC_NO_COMMON_BLOCKS = YES;
				GCC_WARN_64_TO_32_BIT_CONVERSION = YES;
				GCC_WARN_ABOUT_RETURN_TYPE = YES_ERROR;
				GCC_WARN_UNDECLARED_SELECTOR = YES;
				GCC_WARN_UNINITIALIZED_AUTOS = YES_AGGRESSIVE;
				GCC_WARN_UNUSED_FUNCTION = YES;
				GCC_WARN_UNUSED_VARIABLE = YES;
				IPHONEOS_DEPLOYMENT_TARGET = 8.3;
				MTL_ENABLE_DEBUG_INFO = NO;
				SDKROOT = iphoneos;
				VALIDATE_PRODUCT = YES;
			};
			name = Release;
		};
		3BA980C41B33F9E400314942 /* Debug */ = {
			isa = XCBuildConfiguration;
			baseConfigurationReference = 2D0BC262E7A05EBA8B66484F /* Pods.debug.xcconfig */;
			buildSettings = {
				ASSETCATALOG_COMPILER_APPICON_NAME = AppIcon;
				INFOPLIST_FILE = "Custom Transition/Info.plist";
				LD_RUNPATH_SEARCH_PATHS = "$(inherited) @executable_path/Frameworks";
				PRODUCT_NAME = "$(TARGET_NAME)";
			};
			name = Debug;
		};
		3BA980C51B33F9E400314942 /* Release */ = {
			isa = XCBuildConfiguration;
			baseConfigurationReference = 86E0BC7D1188DDC8BC3FC21D /* Pods.release.xcconfig */;
			buildSettings = {
				ASSETCATALOG_COMPILER_APPICON_NAME = AppIcon;
				INFOPLIST_FILE = "Custom Transition/Info.plist";
				LD_RUNPATH_SEARCH_PATHS = "$(inherited) @executable_path/Frameworks";
				PRODUCT_NAME = "$(TARGET_NAME)";
			};
			name = Release;
		};
		3BA980C71B33F9E400314942 /* Debug */ = {
			isa = XCBuildConfiguration;
			buildSettings = {
				BUNDLE_LOADER = "$(TEST_HOST)";
				FRAMEWORK_SEARCH_PATHS = (
					"$(SDKROOT)/Developer/Library/Frameworks",
					"$(inherited)",
				);
				GCC_PREPROCESSOR_DEFINITIONS = (
					"DEBUG=1",
					"$(inherited)",
				);
				INFOPLIST_FILE = "Custom TransitionTests/Info.plist";
				LD_RUNPATH_SEARCH_PATHS = "$(inherited) @executable_path/Frameworks @loader_path/Frameworks";
				PRODUCT_NAME = "$(TARGET_NAME)";
				TEST_HOST = "$(BUILT_PRODUCTS_DIR)/Custom Transition.app/Custom Transition";
			};
			name = Debug;
		};
		3BA980C81B33F9E400314942 /* Release */ = {
			isa = XCBuildConfiguration;
			buildSettings = {
				BUNDLE_LOADER = "$(TEST_HOST)";
				FRAMEWORK_SEARCH_PATHS = (
					"$(SDKROOT)/Developer/Library/Frameworks",
					"$(inherited)",
				);
				INFOPLIST_FILE = "Custom TransitionTests/Info.plist";
				LD_RUNPATH_SEARCH_PATHS = "$(inherited) @executable_path/Frameworks @loader_path/Frameworks";
				PRODUCT_NAME = "$(TARGET_NAME)";
				TEST_HOST = "$(BUILT_PRODUCTS_DIR)/Custom Transition.app/Custom Transition";
			};
			name = Release;
		};
/* End XCBuildConfiguration section */

/* Begin XCConfigurationList section */
		3BA980981B33F9E400314942 /* Build configuration list for PBXProject "Custom Transition" */ = {
			isa = XCConfigurationList;
			buildConfigurations = (
				3BA980C11B33F9E400314942 /* Debug */,
				3BA980C21B33F9E400314942 /* Release */,
			);
			defaultConfigurationIsVisible = 0;
			defaultConfigurationName = Release;
		};
		3BA980C31B33F9E400314942 /* Build configuration list for PBXNativeTarget "Custom Transition" */ = {
			isa = XCConfigurationList;
			buildConfigurations = (
				3BA980C41B33F9E400314942 /* Debug */,
				3BA980C51B33F9E400314942 /* Release */,
			);
			defaultConfigurationIsVisible = 0;
			defaultConfigurationName = Release;
		};
		3BA980C61B33F9E400314942 /* Build configuration list for PBXNativeTarget "Custom TransitionTests" */ = {
			isa = XCConfigurationList;
			buildConfigurations = (
				3BA980C71B33F9E400314942 /* Debug */,
				3BA980C81B33F9E400314942 /* Release */,
			);
			defaultConfigurationIsVisible = 0;
			defaultConfigurationName = Release;
		};
/* End XCConfigurationList section */

/* Begin XCVersionGroup section */
		3BA980A71B33F9E400314942 /* Custom_Transition.xcdatamodeld */ = {
			isa = XCVersionGroup;
			children = (
				3BA980A81B33F9E400314942 /* Custom_Transition.xcdatamodel */,
			);
			currentVersion = 3BA980A81B33F9E400314942 /* Custom_Transition.xcdatamodel */;
			path = Custom_Transition.xcdatamodeld;
			sourceTree = "<group>";
			versionGroupType = wrapper.xcdatamodel;
		};
/* End XCVersionGroup section */
	};
	rootObject = 3BA980951B33F9E400314942 /* Project object */;
}
